
Microsoft Visual Studio Solution File, Format Version 12.00
# Visual Studio Version 16
VisualStudioVersion = 16.0.30907.101
MinimumVisualStudioVersion = 10.0.40219.1
Project("{FAE04EC0-301F-11D3-BF4B-00C04F79EFBC}") = "ProtekloITekuceVrijeme", "ProtekloITekuceVrijeme\ProtekloITekuceVrijeme.csproj", "{8A82D6CC-3A89-44A4-BD2D-FBA5655A309B}"
EndProject
Global
	GlobalSection(SolutionConfigurationPlatforms) = preSolution
		Debug|Any CPU = Debug|Any CPU
		Release|Any CPU = Release|Any CPU
	EndGlobalSection
	GlobalSection(ProjectConfigurationPlatforms) = postSolution
		{8A82D6CC-3A89-44A4-BD2D-FBA5655A309B}.Debug|Any CPU.ActiveCfg = Debug|Any CPU
		{8A82D6CC-3A89-44A4-BD2D-FBA5655A309B}.Debug|Any CPU.Build.0 = Debug|Any CPU
		{8A82D6CC-3A89-44A4-BD2D-FBA5655A309B}.Release|Any CPU.ActiveCfg = Release|Any CPU
		{8A82D6CC-3A89-44A4-BD2D-FBA5655A309B}.Release|Any CPU.Build.0 = Release|Any CPU
	EndGlobalSection
	GlobalSection(SolutionProperties) = preSolution
		HideSolutionNode = FALSE
	EndGlobalSection
	GlobalSection(ExtensibilityGlobals) = postSolution
		SolutionGuid = {106BA42C-C266-4F9B-9952-BAD4BC8D4340}
	EndGlobalSection
EndGlobal
